
Microsoft Visual Studio Solution File, Format Version 12.00
# Visual Studio 14
VisualStudioVersion = 14.0.25420.1
MinimumVisualStudioVersion = 10.0.40219.1
Project("{FAE04EC0-301F-11D3-BF4B-00C04F79EFBC}") = "BestU8", "BestU8\BestU8.csproj", "{CEAA0480-375D-4FBA-8E09-30E896F18F7D}"
EndProject
Project("{FAE04EC0-301F-11D3-BF4B-00C04F79EFBC}") = "ImportGLVoucher", "ImportGLVoucher\ImportGLVoucher.csproj", "{E3E160A7-C8B3-4039-9F88-0F785DEFF3F3}"
EndProject
Project("{FAE04EC0-301F-11D3-BF4B-00C04F79EFBC}") = "ImportReceiptNotes", "ImportReceiptNotes\ImportReceiptNotes.csproj", "{C90A2379-FB87-4DBE-8395-583DF17EC7B8}"
EndProject
Project("{FAE04EC0-301F-11D3-BF4B-00C04F79EFBC}") = "EventPlugInDemo", "EventPlugInDemo\EventPlugInDemo.csproj", "{E5EA9383-B71B-45D7-943A-4ACD3CC727AB}"
EndProject
Global
	GlobalSection(SolutionConfigurationPlatforms) = preSolution
		Debug|Any CPU = Debug|Any CPU
		Release|Any CPU = Release|Any CPU
	EndGlobalSection
	GlobalSection(ProjectConfigurationPlatforms) = postSolution
		{CEAA0480-375D-4FBA-8E09-30E896F18F7D}.Debug|Any CPU.ActiveCfg = Debug|Any CPU
		{CEAA0480-375D-4FBA-8E09-30E896F18F7D}.Debug|Any CPU.Build.0 = Debug|Any CPU
		{CEAA0480-375D-4FBA-8E09-30E896F18F7D}.Release|Any CPU.ActiveCfg = Release|Any CPU
		{CEAA0480-375D-4FBA-8E09-30E896F18F7D}.Release|Any CPU.Build.0 = Release|Any CPU
		{E3E160A7-C8B3-4039-9F88-0F785DEFF3F3}.Debug|Any CPU.ActiveCfg = Debug|Any CPU
		{E3E160A7-C8B3-4039-9F88-0F785DEFF3F3}.Debug|Any CPU.Build.0 = Debug|Any CPU
		{E3E160A7-C8B3-4039-9F88-0F785DEFF3F3}.Release|Any CPU.ActiveCfg = Release|Any CPU
		{E3E160A7-C8B3-4039-9F88-0F785DEFF3F3}.Release|Any CPU.Build.0 = Release|Any CPU
		{C90A2379-FB87-4DBE-8395-583DF17EC7B8}.Debug|Any CPU.ActiveCfg = Debug|Any CPU
		{C90A2379-FB87-4DBE-8395-583DF17EC7B8}.Debug|Any CPU.Build.0 = Debug|Any CPU
		{C90A2379-FB87-4DBE-8395-583DF17EC7B8}.Release|Any CPU.ActiveCfg = Release|Any CPU
		{C90A2379-FB87-4DBE-8395-583DF17EC7B8}.Release|Any CPU.Build.0 = Release|Any CPU
		{E5EA9383-B71B-45D7-943A-4ACD3CC727AB}.Debug|Any CPU.ActiveCfg = Debug|Any CPU
		{E5EA9383-B71B-45D7-943A-4ACD3CC727AB}.Debug|Any CPU.Build.0 = Debug|Any CPU
		{E5EA9383-B71B-45D7-943A-4ACD3CC727AB}.Release|Any CPU.ActiveCfg = Release|Any CPU
		{E5EA9383-B71B-45D7-943A-4ACD3CC727AB}.Release|Any CPU.Build.0 = Release|Any CPU
	EndGlobalSection
	GlobalSection(SolutionProperties) = preSolution
		HideSolutionNode = FALSE
	EndGlobalSection
EndGlobal
